
Microsoft Visual Studio Solution File, Format Version 12.00
# Visual Studio Version 17
VisualStudioVersion = 17.0.31903.59
MinimumVisualStudioVersion = 10.0.40219.1
Project("{2150E333-8FDC-42A3-9474-1A3956D46DE8}") = "bench", "bench", "{938A2CD4-C11E-4259-85EB-626FCFB04B85}"
EndProject
Project("{FAE04EC0-301F-11D3-BF4B-00C04F79EFBC}") = "Concurrent.Kafka.Minimal", "bench\Concurrent.Kafka.Minimal\Concurrent.Kafka.Minimal.csproj", "{1023B41F-E399-4CEC-B454-F720D5D6C2D3}"
EndProject
Project("{FAE04EC0-301F-11D3-BF4B-00C04F79EFBC}") = "TestProducer", "bench\TestProducer\TestProducer.csproj", "{833C3922-F0FA-4287-B1ED-11C12E884626}"
EndProject
Project("{2150E333-8FDC-42A3-9474-1A3956D46DE8}") = "src", "src", "{7FF2D99F-151B-4675-89E0-45EA76499249}"
EndProject
Project("{FAE04EC0-301F-11D3-BF4B-00C04F79EFBC}") = "Concurrent.Kafka.Core", "src\Concurrent.Kafka.Core\Concurrent.Kafka.Core.csproj", "{DD482AB9-814A-43B9-A111-8ED1EF676353}"
EndProject
Project("{FAE04EC0-301F-11D3-BF4B-00C04F79EFBC}") = "Concurrent.Kafka.DependencyInjection", "src\Concurrent.Kafka.DependencyInjection\Concurrent.Kafka.DependencyInjection.csproj", "{041FD640-3C0E-488A-8B61-D9160C91D35F}"
EndProject
Global
	GlobalSection(SolutionConfigurationPlatforms) = preSolution
		Debug|Any CPU = Debug|Any CPU
		Release|Any CPU = Release|Any CPU
	EndGlobalSection
	GlobalSection(SolutionProperties) = preSolution
		HideSolutionNode = FALSE
	EndGlobalSection
	GlobalSection(ProjectConfigurationPlatforms) = postSolution
		{1023B41F-E399-4CEC-B454-F720D5D6C2D3}.Debug|Any CPU.ActiveCfg = Debug|Any CPU
		{1023B41F-E399-4CEC-B454-F720D5D6C2D3}.Debug|Any CPU.Build.0 = Debug|Any CPU
		{1023B41F-E399-4CEC-B454-F720D5D6C2D3}.Release|Any CPU.ActiveCfg = Release|Any CPU
		{1023B41F-E399-4CEC-B454-F720D5D6C2D3}.Release|Any CPU.Build.0 = Release|Any CPU
		{833C3922-F0FA-4287-B1ED-11C12E884626}.Debug|Any CPU.ActiveCfg = Debug|Any CPU
		{833C3922-F0FA-4287-B1ED-11C12E884626}.Debug|Any CPU.Build.0 = Debug|Any CPU
		{833C3922-F0FA-4287-B1ED-11C12E884626}.Release|Any CPU.ActiveCfg = Release|Any CPU
		{833C3922-F0FA-4287-B1ED-11C12E884626}.Release|Any CPU.Build.0 = Release|Any CPU
		{DD482AB9-814A-43B9-A111-8ED1EF676353}.Debug|Any CPU.ActiveCfg = Debug|Any CPU
		{DD482AB9-814A-43B9-A111-8ED1EF676353}.Debug|Any CPU.Build.0 = Debug|Any CPU
		{DD482AB9-814A-43B9-A111-8ED1EF676353}.Release|Any CPU.ActiveCfg = Release|Any CPU
		{DD482AB9-814A-43B9-A111-8ED1EF676353}.Release|Any CPU.Build.0 = Release|Any CPU
		{041FD640-3C0E-488A-8B61-D9160C91D35F}.Debug|Any CPU.ActiveCfg = Debug|Any CPU
		{041FD640-3C0E-488A-8B61-D9160C91D35F}.Debug|Any CPU.Build.0 = Debug|Any CPU
		{041FD640-3C0E-488A-8B61-D9160C91D35F}.Release|Any CPU.ActiveCfg = Release|Any CPU
		{041FD640-3C0E-488A-8B61-D9160C91D35F}.Release|Any CPU.Build.0 = Release|Any CPU
	EndGlobalSection
	GlobalSection(NestedProjects) = preSolution
		{1023B41F-E399-4CEC-B454-F720D5D6C2D3} = {938A2CD4-C11E-4259-85EB-626FCFB04B85}
		{833C3922-F0FA-4287-B1ED-11C12E884626} = {938A2CD4-C11E-4259-85EB-626FCFB04B85}
		{DD482AB9-814A-43B9-A111-8ED1EF676353} = {7FF2D99F-151B-4675-89E0-45EA76499249}
		{041FD640-3C0E-488A-8B61-D9160C91D35F} = {7FF2D99F-151B-4675-89E0-45EA76499249}
	EndGlobalSection
EndGlobal
